// !$*UTF8*$!
{
	archiveVersion = 1;
	classes = {
	};
	objectVersion = 56;
	objects = {

/* Begin PBXBuildFile section */
		6049D88E2AE96D5900B1613C /* ViewModel.swift in Sources */ = {isa = PBXBuildFile; fileRef = 6049D88D2AE96D5900B1613C /* ViewModel.swift */; };
		607BAB682AEBBA9E009EF327 /* CollectionViewCell.swift in Sources */ = {isa = PBXBuildFile; fileRef = 607BAB672AEBBA9E009EF327 /* CollectionViewCell.swift */; };
		607BAB6A2AEBDD8D009EF327 /* Extension + UIView.swift in Sources */ = {isa = PBXBuildFile; fileRef = 607BAB692AEBDD8D009EF327 /* Extension + UIView.swift */; };
		607BAB6C2AEBE5E7009EF327 /* WeekForecast.swift in Sources */ = {isa = PBXBuildFile; fileRef = 607BAB6B2AEBE5E7009EF327 /* WeekForecast.swift */; };
		607BAB6E2AEBEFAA009EF327 /* TableViewCell.swift in Sources */ = {isa = PBXBuildFile; fileRef = 607BAB6D2AEBEFAA009EF327 /* TableViewCell.swift */; };
		60C880382AE79D0600A9D172 /* AppDelegate.swift in Sources */ = {isa = PBXBuildFile; fileRef = 60C880372AE79D0600A9D172 /* AppDelegate.swift */; };
		60C8803A2AE79D0600A9D172 /* SceneDelegate.swift in Sources */ = {isa = PBXBuildFile; fileRef = 60C880392AE79D0600A9D172 /* SceneDelegate.swift */; };
		60C8803C2AE79D0600A9D172 /* ViewController.swift in Sources */ = {isa = PBXBuildFile; fileRef = 60C8803B2AE79D0600A9D172 /* ViewController.swift */; };
		60C8803F2AE79D0600A9D172 /* Main.storyboard in Resources */ = {isa = PBXBuildFile; fileRef = 60C8803D2AE79D0600A9D172 /* Main.storyboard */; };
		60C880412AE79D0800A9D172 /* Assets.xcassets in Resources */ = {isa = PBXBuildFile; fileRef = 60C880402AE79D0800A9D172 /* Assets.xcassets */; };
		60C880442AE79D0800A9D172 /* LaunchScreen.storyboard in Resources */ = {isa = PBXBuildFile; fileRef = 60C880422AE79D0800A9D172 /* LaunchScreen.storyboard */; };
		60E7F8A22AEAEE71007E164B /* HourForecast.swift in Sources */ = {isa = PBXBuildFile; fileRef = 60E7F8A12AEAEE71007E164B /* HourForecast.swift */; };
		D7285EDE132F7010192C93A1 /* Pods_WeatherAppMVVM.framework in Frameworks */ = {isa = PBXBuildFile; fileRef = 6714F74FDAF0CD151131F06B /* Pods_WeatherAppMVVM.framework */; };
/* End PBXBuildFile section */

/* Begin PBXFileReference section */
		6049D88D2AE96D5900B1613C /* ViewModel.swift */ = {isa = PBXFileReference; lastKnownFileType = sourcecode.swift; path = ViewModel.swift; sourceTree = "<group>"; };
		607BAB672AEBBA9E009EF327 /* CollectionViewCell.swift */ = {isa = PBXFileReference; lastKnownFileType = sourcecode.swift; path = CollectionViewCell.swift; sourceTree = "<group>"; };
		607BAB692AEBDD8D009EF327 /* Extension + UIView.swift */ = {isa = PBXFileReference; lastKnownFileType = sourcecode.swift; path = "Extension + UIView.swift"; sourceTree = "<group>"; };
		607BAB6B2AEBE5E7009EF327 /* WeekForecast.swift */ = {isa = PBXFileReference; lastKnownFileType = sourcecode.swift; path = WeekForecast.swift; sourceTree = "<group>"; };
		607BAB6D2AEBEFAA009EF327 /* TableViewCell.swift */ = {isa = PBXFileReference; lastKnownFileType = sourcecode.swift; path = TableViewCell.swift; sourceTree = "<group>"; };
		60C880342AE79D0600A9D172 /* WeatherAppMVVM.app */ = {isa = PBXFileReference; explicitFileType = wrapper.application; includeInIndex = 0; path = WeatherAppMVVM.app; sourceTree = BUILT_PRODUCTS_DIR; };
		60C880372AE79D0600A9D172 /* AppDelegate.swift */ = {isa = PBXFileReference; lastKnownFileType = sourcecode.swift; path = AppDelegate.swift; sourceTree = "<group>"; };
		60C880392AE79D0600A9D172 /* SceneDelegate.swift */ = {isa = PBXFileReference; lastKnownFileType = sourcecode.swift; path = SceneDelegate.swift; sourceTree = "<group>"; };
		60C8803B2AE79D0600A9D172 /* ViewController.swift */ = {isa = PBXFileReference; lastKnownFileType = sourcecode.swift; path = ViewController.swift; sourceTree = "<group>"; };
		60C8803E2AE79D0600A9D172 /* Base */ = {isa = PBXFileReference; lastKnownFileType = file.storyboard; name = Base; path = Base.lproj/Main.storyboard; sourceTree = "<group>"; };
		60C880402AE79D0800A9D172 /* Assets.xcassets */ = {isa = PBXFileReference; lastKnownFileType = folder.assetcatalog; path = Assets.xcassets; sourceTree = "<group>"; };
		60C880432AE79D0800A9D172 /* Base */ = {isa = PBXFileReference; lastKnownFileType = file.storyboard; name = Base; path = Base.lproj/LaunchScreen.storyboard; sourceTree = "<group>"; };
		60C880452AE79D0800A9D172 /* Info.plist */ = {isa = PBXFileReference; lastKnownFileType = text.plist.xml; path = Info.plist; sourceTree = "<group>"; };
		60E7F8A12AEAEE71007E164B /* HourForecast.swift */ = {isa = PBXFileReference; lastKnownFileType = sourcecode.swift; path = HourForecast.swift; sourceTree = "<group>"; };
		6714F74FDAF0CD151131F06B /* Pods_WeatherAppMVVM.framework */ = {isa = PBXFileReference; explicitFileType = wrapper.framework; includeInIndex = 0; path = Pods_WeatherAppMVVM.framework; sourceTree = BUILT_PRODUCTS_DIR; };
		67CF197275655121173D4361 /* Pods-WeatherAppMVVM.release.xcconfig */ = {isa = PBXFileReference; includeInIndex = 1; lastKnownFileType = text.xcconfig; name = "Pods-WeatherAppMVVM.release.xcconfig"; path = "Target Support Files/Pods-WeatherAppMVVM/Pods-WeatherAppMVVM.release.xcconfig"; sourceTree = "<group>"; };
		87FF12F6F04092AB3733F924 /* Pods-WeatherAppMVVM.debug.xcconfig */ = {isa = PBXFileReference; includeInIndex = 1; lastKnownFileType = text.xcconfig; name = "Pods-WeatherAppMVVM.debug.xcconfig"; path = "Target Support Files/Pods-WeatherAppMVVM/Pods-WeatherAppMVVM.debug.xcconfig"; sourceTree = "<group>"; };
/* End PBXFileReference section */

/* Begin PBXFrameworksBuildPhase section */
		60C880312AE79D0600A9D172 /* Frameworks */ = {
			isa = PBXFrameworksBuildPhase;
			buildActionMask = 2147483647;
			files = (
				D7285EDE132F7010192C93A1 /* Pods_WeatherAppMVVM.framework in Frameworks */,
			);
			runOnlyForDeploymentPostprocessing = 0;
		};
/* End PBXFrameworksBuildPhase section */

/* Begin PBXGroup section */
		6049D88B2AE79F5000B1613C /* Model */ = {
			isa = PBXGroup;
			children = (
				60E7F8A12AEAEE71007E164B /* HourForecast.swift */,
				607BAB6B2AEBE5E7009EF327 /* WeekForecast.swift */,
			);
			path = Model;
			sourceTree = "<group>";
		};
		6049D88C2AE79F8000B1613C /* Services */ = {
			isa = PBXGroup;
			children = (
			);
			path = Services;
			sourceTree = "<group>";
		};
		60C8802B2AE79D0600A9D172 = {
			isa = PBXGroup;
			children = (
				60C880362AE79D0600A9D172 /* WeatherAppMVVM */,
				60C880352AE79D0600A9D172 /* Products */,
				D144C1E28490EC4E468D78DD /* Pods */,
				F56372C7C7740BED92A55DA0 /* Frameworks */,
			);
			sourceTree = "<group>";
		};
		60C880352AE79D0600A9D172 /* Products */ = {
			isa = PBXGroup;
			children = (
				60C880342AE79D0600A9D172 /* WeatherAppMVVM.app */,
			);
			name = Products;
			sourceTree = "<group>";
		};
		60C880362AE79D0600A9D172 /* WeatherAppMVVM */ = {
			isa = PBXGroup;
			children = (
				6049D88C2AE79F8000B1613C /* Services */,
				6049D88B2AE79F5000B1613C /* Model */,
				60C880372AE79D0600A9D172 /* AppDelegate.swift */,
				60C880392AE79D0600A9D172 /* SceneDelegate.swift */,
				60C8803B2AE79D0600A9D172 /* ViewController.swift */,
				60C8803D2AE79D0600A9D172 /* Main.storyboard */,
				60C880402AE79D0800A9D172 /* Assets.xcassets */,
				60C880422AE79D0800A9D172 /* LaunchScreen.storyboard */,
				60C880452AE79D0800A9D172 /* Info.plist */,
				6049D88D2AE96D5900B1613C /* ViewModel.swift */,
				607BAB672AEBBA9E009EF327 /* CollectionViewCell.swift */,
				607BAB6D2AEBEFAA009EF327 /* TableViewCell.swift */,
				607BAB692AEBDD8D009EF327 /* Extension + UIView.swift */,
			);
			path = WeatherAppMVVM;
			sourceTree = "<group>";
		};
		D144C1E28490EC4E468D78DD /* Pods */ = {
			isa = PBXGroup;
			children = (
				87FF12F6F04092AB3733F924 /* Pods-WeatherAppMVVM.debug.xcconfig */,
				67CF197275655121173D4361 /* Pods-WeatherAppMVVM.release.xcconfig */,
			);
			path = Pods;
			sourceTree = "<group>";
		};
		F56372C7C7740BED92A55DA0 /* Frameworks */ = {
			isa = PBXGroup;
			children = (
				6714F74FDAF0CD151131F06B /* Pods_WeatherAppMVVM.framework */,
			);
			name = Frameworks;
			sourceTree = "<group>";
		};
/* End PBXGroup section */

/* Begin PBXNativeTarget section */
		60C880332AE79D0600A9D172 /* WeatherAppMVVM */ = {
			isa = PBXNativeTarget;
			buildConfigurationList = 60C880482AE79D0800A9D172 /* Build configuration list for PBXNativeTarget "WeatherAppMVVM" */;
			buildPhases = (
				EAA098AFDDB1C47426A650B1 /* [CP] Check Pods Manifest.lock */,
				60C880302AE79D0600A9D172 /* Sources */,
				60C880312AE79D0600A9D172 /* Frameworks */,
				60C880322AE79D0600A9D172 /* Resources */,
				C68882A46CE101556CAE679C /* [CP] Embed Pods Frameworks */,
			);
			buildRules = (
			);
			dependencies = (
			);
			name = WeatherAppMVVM;
			productName = WeatherAppMVVM;
			productReference = 60C880342AE79D0600A9D172 /* WeatherAppMVVM.app */;
			productType = "com.apple.product-type.application";
		};
/* End PBXNativeTarget section */

/* Begin PBXProject section */
		60C8802C2AE79D0600A9D172 /* Project object */ = {
			isa = PBXProject;
			attributes = {
				BuildIndependentTargetsInParallel = 1;
				LastSwiftUpdateCheck = 1430;
				LastUpgradeCheck = 1430;
				TargetAttributes = {
					60C880332AE79D0600A9D172 = {
						CreatedOnToolsVersion = 14.3.1;
					};
				};
			};
			buildConfigurationList = 60C8802F2AE79D0600A9D172 /* Build configuration list for PBXProject "WeatherAppMVVM" */;
			compatibilityVersion = "Xcode 14.0";
			developmentRegion = en;
			hasScannedForEncodings = 0;
			knownRegions = (
				en,
				Base,
			);
			mainGroup = 60C8802B2AE79D0600A9D172;
			productRefGroup = 60C880352AE79D0600A9D172 /* Products */;
			projectDirPath = "";
			projectRoot = "";
			targets = (
				60C880332AE79D0600A9D172 /* WeatherAppMVVM */,
			);
		};
/* End PBXProject section */

/* Begin PBXResourcesBuildPhase section */
		60C880322AE79D0600A9D172 /* Resources */ = {
			isa = PBXResourcesBuildPhase;
			buildActionMask = 2147483647;
			files = (
				60C880442AE79D0800A9D172 /* LaunchScreen.storyboard in Resources */,
				60C880412AE79D0800A9D172 /* Assets.xcassets in Resources */,
				60C8803F2AE79D0600A9D172 /* Main.storyboard in Resources */,
			);
			runOnlyForDeploymentPostprocessing = 0;
		};
/* End PBXResourcesBuildPhase section */

/* Begin PBXShellScriptBuildPhase section */
		C68882A46CE101556CAE679C /* [CP] Embed Pods Frameworks */ = {
			isa = PBXShellScriptBuildPhase;
			buildActionMask = 2147483647;
			files = (
			);
			inputFileListPaths = (
				"${PODS_ROOT}/Target Support Files/Pods-WeatherAppMVVM/Pods-WeatherAppMVVM-frameworks-${CONFIGURATION}-input-files.xcfilelist",
			);
			name = "[CP] Embed Pods Frameworks";
			outputFileListPaths = (
				"${PODS_ROOT}/Target Support Files/Pods-WeatherAppMVVM/Pods-WeatherAppMVVM-frameworks-${CONFIGURATION}-output-files.xcfilelist",
			);
			runOnlyForDeploymentPostprocessing = 0;
			shellPath = /bin/sh;
			shellScript = "\"${PODS_ROOT}/Target Support Files/Pods-WeatherAppMVVM/Pods-WeatherAppMVVM-frameworks.sh\"\n";
			showEnvVarsInLog = 0;
		};
		EAA098AFDDB1C47426A650B1 /* [CP] Check Pods Manifest.lock */ = {
			isa = PBXShellScriptBuildPhase;
			buildActionMask = 2147483647;
			files = (
			);
			inputFileListPaths = (
			);
			inputPaths = (
				"${PODS_PODFILE_DIR_PATH}/Podfile.lock",
				"${PODS_ROOT}/Manifest.lock",
			);
			name = "[CP] Check Pods Manifest.lock";
			outputFileListPaths = (
			);
			outputPaths = (
				"$(DERIVED_FILE_DIR)/Pods-WeatherAppMVVM-checkManifestLockResult.txt",
			);
			runOnlyForDeploymentPostprocessing = 0;
			shellPath = /bin/sh;
			shellScript = "diff \"${PODS_PODFILE_DIR_PATH}/Podfile.lock\" \"${PODS_ROOT}/Manifest.lock\" > /dev/null\nif [ $? != 0 ] ; then\n    # print error to STDERR\n    echo \"error: The sandbox is not in sync with the Podfile.lock. Run 'pod install' or update your CocoaPods installation.\" >&2\n    exit 1\nfi\n# This output is used by Xcode 'outputs' to avoid re-running this script phase.\necho \"SUCCESS\" > \"${SCRIPT_OUTPUT_FILE_0}\"\n";
			showEnvVarsInLog = 0;
		};
/* End PBXShellScriptBuildPhase section */

/* Begin PBXSourcesBuildPhase section */
		60C880302AE79D0600A9D172 /* Sources */ = {
			isa = PBXSourcesBuildPhase;
			buildActionMask = 2147483647;
			files = (
				60C8803C2AE79D0600A9D172 /* ViewController.swift in Sources */,
				60C880382AE79D0600A9D172 /* AppDelegate.swift in Sources */,
				607BAB682AEBBA9E009EF327 /* CollectionViewCell.swift in Sources */,
				607BAB6A2AEBDD8D009EF327 /* Extension + UIView.swift in Sources */,
				607BAB6E2AEBEFAA009EF327 /* TableViewCell.swift in Sources */,
				6049D88E2AE96D5900B1613C /* ViewModel.swift in Sources */,
				607BAB6C2AEBE5E7009EF327 /* WeekForecast.swift in Sources */,
				60E7F8A22AEAEE71007E164B /* HourForecast.swift in Sources */,
				60C8803A2AE79D0600A9D172 /* SceneDelegate.swift in Sources */,
			);
			runOnlyForDeploymentPostprocessing = 0;
		};
/* End PBXSourcesBuildPhase section */

/* Begin PBXVariantGroup section */
		60C8803D2AE79D0600A9D172 /* Main.storyboard */ = {
			isa = PBXVariantGroup;
			children = (
				60C8803E2AE79D0600A9D172 /* Base */,
			);
			name = Main.storyboard;
			sourceTree = "<group>";
		};
		60C880422AE79D0800A9D172 /* LaunchScreen.storyboard */ = {
			isa = PBXVariantGroup;
			children = (
				60C880432AE79D0800A9D172 /* Base */,
			);
			name = LaunchScreen.storyboard;
			sourceTree = "<group>";
		};
/* End PBXVariantGroup section */

/* Begin XCBuildConfiguration section */
		60C880462AE79D0800A9D172 /* Debug */ = {
			isa = XCBuildConfiguration;
			buildSettings = {
				ALWAYS_SEARCH_USER_PATHS = NO;
				CLANG_ANALYZER_NONNULL = YES;
				CLANG_ANALYZER_NUMBER_OBJECT_CONVERSION = YES_AGGRESSIVE;
				CLANG_CXX_LANGUAGE_STANDARD = "gnu++20";
				CLANG_ENABLE_MODULES = YES;
				CLANG_ENABLE_OBJC_ARC = YES;
				CLANG_ENABLE_OBJC_WEAK = YES;
				CLANG_WARN_BLOCK_CAPTURE_AUTORELEASING = YES;
				CLANG_WARN_BOOL_CONVERSION = YES;
				CLANG_WARN_COMMA = YES;
				CLANG_WARN_CONSTANT_CONVERSION = YES;
				CLANG_WARN_DEPRECATED_OBJC_IMPLEMENTATIONS = YES;
				CLANG_WARN_DIRECT_OBJC_ISA_USAGE = YES_ERROR;
				CLANG_WARN_DOCUMENTATION_COMMENTS = YES;
				CLANG_WARN_EMPTY_BODY = YES;
				CLANG_WARN_ENUM_CONVERSION = YES;
				CLANG_WARN_INFINITE_RECURSION = YES;
				CLANG_WARN_INT_CONVERSION = YES;
				CLANG_WARN_NON_LITERAL_NULL_CONVERSION = YES;
				CLANG_WARN_OBJC_IMPLICIT_RETAIN_SELF = YES;
				CLANG_WARN_OBJC_LITERAL_CONVERSION = YES;
				CLANG_WARN_OBJC_ROOT_CLASS = YES_ERROR;
				CLANG_WARN_QUOTED_INCLUDE_IN_FRAMEWORK_HEADER = YES;
				CLANG_WARN_RANGE_LOOP_ANALYSIS = YES;
				CLANG_WARN_STRICT_PROTOTYPES = YES;
				CLANG_WARN_SUSPICIOUS_MOVE = YES;
				CLANG_WARN_UNGUARDED_AVAILABILITY = YES_AGGRESSIVE;
				CLANG_WARN_UNREACHABLE_CODE = YES;
				CLANG_WARN__DUPLICATE_METHOD_MATCH = YES;
				COPY_PHASE_STRIP = NO;
				DEBUG_INFORMATION_FORMAT = dwarf;
				ENABLE_STRICT_OBJC_MSGSEND = YES;
				ENABLE_TESTABILITY = YES;
				GCC_C_LANGUAGE_STANDARD = gnu11;
				GCC_DYNAMIC_NO_PIC = NO;
				GCC_NO_COMMON_BLOCKS = YES;
				GCC_OPTIMIZATION_LEVEL = 0;
				GCC_PREPROCESSOR_DEFINITIONS = (
					"DEBUG=1",
					"$(inherited)",
				);
				GCC_WARN_64_TO_32_BIT_CONVERSION = YES;
				GCC_WARN_ABOUT_RETURN_TYPE = YES_ERROR;
				GCC_WARN_UNDECLARED_SELECTOR = YES;
				GCC_WARN_UNINITIALIZED_AUTOS = YES_AGGRESSIVE;
				GCC_WARN_UNUSED_FUNCTION = YES;
				GCC_WARN_UNUSED_VARIABLE = YES;
				IPHONEOS_DEPLOYMENT_TARGET = 16.4;
				MTL_ENABLE_DEBUG_INFO = INCLUDE_SOURCE;
				MTL_FAST_MATH = YES;
				ONLY_ACTIVE_ARCH = YES;
				SDKROOT = iphoneos;
				SWIFT_ACTIVE_COMPILATION_CONDITIONS = DEBUG;
				SWIFT_OPTIMIZATION_LEVEL = "-Onone";
			};
			name = Debug;
		};
		60C880472AE79D0800A9D172 /* Release */ = {
			isa = XCBuildConfiguration;
			buildSettings = {
				ALWAYS_SEARCH_USER_PATHS = NO;
				CLANG_ANALYZER_NONNULL = YES;
				CLANG_ANALYZER_NUMBER_OBJECT_CONVERSION = YES_AGGRESSIVE;
				CLANG_CXX_LANGUAGE_STANDARD = "gnu++20";
				CLANG_ENABLE_MODULES = YES;
				CLANG_ENABLE_OBJC_ARC = YES;
				CLANG_ENABLE_OBJC_WEAK = YES;
				CLANG_WARN_BLOCK_CAPTURE_AUTORELEASING = YES;
				CLANG_WARN_BOOL_CONVERSION = YES;
				CLANG_WARN_COMMA = YES;
				CLANG_WARN_CONSTANT_CONVERSION = YES;
				CLANG_WARN_DEPRECATED_OBJC_IMPLEMENTATIONS = YES;
				CLANG_WARN_DIRECT_OBJC_ISA_USAGE = YES_ERROR;
				CLANG_WARN_DOCUMENTATION_COMMENTS = YES;
				CLANG_WARN_EMPTY_BODY = YES;
				CLANG_WARN_ENUM_CONVERSION = YES;
				CLANG_WARN_INFINITE_RECURSION = YES;
				CLANG_WARN_INT_CONVERSION = YES;
				CLANG_WARN_NON_LITERAL_NULL_CONVERSION = YES;
				CLANG_WARN_OBJC_IMPLICIT_RETAIN_SELF = YES;
				CLANG_WARN_OBJC_LITERAL_CONVERSION = YES;
				CLANG_WARN_OBJC_ROOT_CLASS = YES_ERROR;
				CLANG_WARN_QUOTED_INCLUDE_IN_FRAMEWORK_HEADER = YES;
				CLANG_WARN_RANGE_LOOP_ANALYSIS = YES;
				CLANG_WARN_STRICT_PROTOTYPES = YES;
				CLANG_WARN_SUSPICIOUS_MOVE = YES;
				CLANG_WARN_UNGUARDED_AVAILABILITY = YES_AGGRESSIVE;
				CLANG_WARN_UNREACHABLE_CODE = YES;
				CLANG_WARN__DUPLICATE_METHOD_MATCH = YES;
				COPY_PHASE_STRIP = NO;
				DEBUG_INFORMATION_FORMAT = "dwarf-with-dsym";
				ENABLE_NS_ASSERTIONS = NO;
				ENABLE_STRICT_OBJC_MSGSEND = YES;
				GCC_C_LANGUAGE_STANDARD = gnu11;
				GCC_NO_COMMON_BLOCKS = YES;
				GCC_WARN_64_TO_32_BIT_CONVERSION = YES;
				GCC_WARN_ABOUT_RETURN_TYPE = YES_ERROR;
				GCC_WARN_UNDECLARED_SELECTOR = YES;
				GCC_WARN_UNINITIALIZED_AUTOS = YES_AGGRESSIVE;
				GCC_WARN_UNUSED_FUNCTION = YES;
				GCC_WARN_UNUSED_VARIABLE = YES;
				IPHONEOS_DEPLOYMENT_TARGET = 16.4;
				MTL_ENABLE_DEBUG_INFO = NO;
				MTL_FAST_MATH = YES;
				SDKROOT = iphoneos;
				SWIFT_COMPILATION_MODE = wholemodule;
				SWIFT_OPTIMIZATION_LEVEL = "-O";
				VALIDATE_PRODUCT = YES;
			};
			name = Release;
		};
		60C880492AE79D0800A9D172 /* Debug */ = {
			isa = XCBuildConfiguration;
			baseConfigurationReference = 87FF12F6F04092AB3733F924 /* Pods-WeatherAppMVVM.debug.xcconfig */;
			buildSettings = {
				ASSETCATALOG_COMPILER_APPICON_NAME = AppIcon;
				ASSETCATALOG_COMPILER_GLOBAL_ACCENT_COLOR_NAME = AccentColor;
				CODE_SIGN_STYLE = Automatic;
				CURRENT_PROJECT_VERSION = 1;
				DEVELOPMENT_TEAM = 8596MXNNFG;
				GENERATE_INFOPLIST_FILE = YES;
				INFOPLIST_FILE = WeatherAppMVVM/Info.plist;
				INFOPLIST_KEY_UIApplicationSupportsIndirectInputEvents = YES;
				INFOPLIST_KEY_UILaunchStoryboardName = LaunchScreen;
				INFOPLIST_KEY_UIMainStoryboardFile = Main;
				INFOPLIST_KEY_UISupportedInterfaceOrientations_iPad = "UIInterfaceOrientationPortrait UIInterfaceOrientationPortraitUpsideDown UIInterfaceOrientationLandscapeLeft UIInterfaceOrientationLandscapeRight";
				INFOPLIST_KEY_UISupportedInterfaceOrientations_iPhone = "UIInterfaceOrientationPortrait UIInterfaceOrientationLandscapeLeft UIInterfaceOrientationLandscapeRight";
				LD_RUNPATH_SEARCH_PATHS = (
					"$(inherited)",
					"@executable_path/Frameworks",
				);
				MARKETING_VERSION = 1.0;
				PRODUCT_BUNDLE_IDENTIFIER = Home.WeatherAppMVVM;
				PRODUCT_NAME = "$(TARGET_NAME)";
				SWIFT_EMIT_LOC_STRINGS = YES;
				SWIFT_VERSION = 5.0;
				TARGETED_DEVICE_FAMILY = "1,2";
			};
			name = Debug;
		};
		60C8804A2AE79D0800A9D172 /* Release */ = {
			isa = XCBuildConfiguration;
			baseConfigurationReference = 67CF197275655121173D4361 /* Pods-WeatherAppMVVM.release.xcconfig */;
			buildSettings = {
				ASSETCATALOG_COMPILER_APPICON_NAME = AppIcon;
				ASSETCATALOG_COMPILER_GLOBAL_ACCENT_COLOR_NAME = AccentColor;
				CODE_SIGN_STYLE = Automatic;
				CURRENT_PROJECT_VERSION = 1;
				DEVELOPMENT_TEAM = 8596MXNNFG;
				GENERATE_INFOPLIST_FILE = YES;
				INFOPLIST_FILE = WeatherAppMVVM/Info.plist;
				INFOPLIST_KEY_UIApplicationSupportsIndirectInputEvents = YES;
				INFOPLIST_KEY_UILaunchStoryboardName = LaunchScreen;
				INFOPLIST_KEY_UIMainStoryboardFile = Main;
				INFOPLIST_KEY_UISupportedInterfaceOrientations_iPad = "UIInterfaceOrientationPortrait UIInterfaceOrientationPortraitUpsideDown UIInterfaceOrientationLandscapeLeft UIInterfaceOrientationLandscapeRight";
				INFOPLIST_KEY_UISupportedInterfaceOrientations_iPhone = "UIInterfaceOrientationPortrait UIInterfaceOrientationLandscapeLeft UIInterfaceOrientationLandscapeRight";
				LD_RUNPATH_SEARCH_PATHS = (
					"$(inherited)",
					"@executable_path/Frameworks",
				);
				MARKETING_VERSION = 1.0;
				PRODUCT_BUNDLE_IDENTIFIER = Home.WeatherAppMVVM;
				PRODUCT_NAME = "$(TARGET_NAME)";
				SWIFT_EMIT_LOC_STRINGS = YES;
				SWIFT_VERSION = 5.0;
				TARGETED_DEVICE_FAMILY = "1,2";
			};
			name = Release;
		};
/* End XCBuildConfiguration section */

/* Begin XCConfigurationList section */
		60C8802F2AE79D0600A9D172 /* Build configuration list for PBXProject "WeatherAppMVVM" */ = {
			isa = XCConfigurationList;
			buildConfigurations = (
				60C880462AE79D0800A9D172 /* Debug */,
				60C880472AE79D0800A9D172 /* Release */,
			);
			defaultConfigurationIsVisible = 0;
			defaultConfigurationName = Release;
		};
		60C880482AE79D0800A9D172 /* Build configuration list for PBXNativeTarget "WeatherAppMVVM" */ = {
			isa = XCConfigurationList;
			buildConfigurations = (
				60C880492AE79D0800A9D172 /* Debug */,
				60C8804A2AE79D0800A9D172 /* Release */,
			);
			defaultConfigurationIsVisible = 0;
			defaultConfigurationName = Release;
		};
/* End XCConfigurationList section */
	};
	rootObject = 60C8802C2AE79D0600A9D172 /* Project object */;
}
